
Microsoft Visual Studio Solution File, Format Version 12.00
# Visual Studio 15
VisualStudioVersion = 15.0.27604.0
MinimumVisualStudioVersion = 10.0.40219.1
Project("{9A19103F-16F7-4668-BE54-9A1E7A4F7556}") = "Models", "Models\Models.csproj", "{3A26F805-66A5-4D28-8368-7DFD09FEE180}"
EndProject
Project("{9A19103F-16F7-4668-BE54-9A1E7A4F7556}") = "TesteDevPrimeOne21", "TesteDevPrimeOne21\TesteDevPrimeOne21.csproj", "{C2893D02-09AF-4C9B-840C-760B81E8F4EE}"
EndProject
Project("{9A19103F-16F7-4668-BE54-9A1E7A4F7556}") = "GroupBy20", "GroupBy20\GroupBy20.csproj", "{21A25975-ED00-46CA-86E0-47DAF391141F}"
EndProject
Project("{9A19103F-16F7-4668-BE54-9A1E7A4F7556}") = "GroupBy21", "GroupBy21\GroupBy21.csproj", "{49F60221-D19B-448C-BA40-CFB8E295CD86}"
EndProject
Project("{FAE04EC0-301F-11D3-BF4B-00C04F79EFBC}") = "NetFramework461", "NetFramework461\NetFramework461.csproj", "{8E1F7BF6-D496-48A8-9F4F-C47B03C5015E}"
EndProject
Global
	GlobalSection(SolutionConfigurationPlatforms) = preSolution
		Debug|Any CPU = Debug|Any CPU
		Release|Any CPU = Release|Any CPU
	EndGlobalSection
	GlobalSection(ProjectConfigurationPlatforms) = postSolution
		{3A26F805-66A5-4D28-8368-7DFD09FEE180}.Debug|Any CPU.ActiveCfg = Debug|Any CPU
		{3A26F805-66A5-4D28-8368-7DFD09FEE180}.Debug|Any CPU.Build.0 = Debug|Any CPU
		{3A26F805-66A5-4D28-8368-7DFD09FEE180}.Release|Any CPU.ActiveCfg = Release|Any CPU
		{3A26F805-66A5-4D28-8368-7DFD09FEE180}.Release|Any CPU.Build.0 = Release|Any CPU
		{C2893D02-09AF-4C9B-840C-760B81E8F4EE}.Debug|Any CPU.ActiveCfg = Debug|Any CPU
		{C2893D02-09AF-4C9B-840C-760B81E8F4EE}.Debug|Any CPU.Build.0 = Debug|Any CPU
		{C2893D02-09AF-4C9B-840C-760B81E8F4EE}.Release|Any CPU.ActiveCfg = Release|Any CPU
		{C2893D02-09AF-4C9B-840C-760B81E8F4EE}.Release|Any CPU.Build.0 = Release|Any CPU
		{21A25975-ED00-46CA-86E0-47DAF391141F}.Debug|Any CPU.ActiveCfg = Debug|Any CPU
		{21A25975-ED00-46CA-86E0-47DAF391141F}.Debug|Any CPU.Build.0 = Debug|Any CPU
		{21A25975-ED00-46CA-86E0-47DAF391141F}.Release|Any CPU.ActiveCfg = Release|Any CPU
		{21A25975-ED00-46CA-86E0-47DAF391141F}.Release|Any CPU.Build.0 = Release|Any CPU
		{49F60221-D19B-448C-BA40-CFB8E295CD86}.Debug|Any CPU.ActiveCfg = Debug|Any CPU
		{49F60221-D19B-448C-BA40-CFB8E295CD86}.Debug|Any CPU.Build.0 = Debug|Any CPU
		{49F60221-D19B-448C-BA40-CFB8E295CD86}.Release|Any CPU.ActiveCfg = Release|Any CPU
		{49F60221-D19B-448C-BA40-CFB8E295CD86}.Release|Any CPU.Build.0 = Release|Any CPU
		{8E1F7BF6-D496-48A8-9F4F-C47B03C5015E}.Debug|Any CPU.ActiveCfg = Debug|Any CPU
		{8E1F7BF6-D496-48A8-9F4F-C47B03C5015E}.Debug|Any CPU.Build.0 = Debug|Any CPU
		{8E1F7BF6-D496-48A8-9F4F-C47B03C5015E}.Release|Any CPU.ActiveCfg = Release|Any CPU
		{8E1F7BF6-D496-48A8-9F4F-C47B03C5015E}.Release|Any CPU.Build.0 = Release|Any CPU
	EndGlobalSection
	GlobalSection(SolutionProperties) = preSolution
		HideSolutionNode = FALSE
	EndGlobalSection
	GlobalSection(ExtensibilityGlobals) = postSolution
		SolutionGuid = {DB00DB53-E6D6-44F2-B55C-9877630E9F18}
	EndGlobalSection
EndGlobal
